
Microsoft Visual Studio Solution File, Format Version 12.00
# Visual Studio Version 16
VisualStudioVersion = 16.0.30114.105
MinimumVisualStudioVersion = 10.0.40219.1
Project("{FAE04EC0-301F-11D3-BF4B-00C04F79EFBC}") = "API", "API\API.csproj", "{7A95C93A-58B4-4594-97B0-E3C2DDEB82B1}"
EndProject
Project("{FAE04EC0-301F-11D3-BF4B-00C04F79EFBC}") = "Application", "Application\Application.csproj", "{DA6A0D5D-3C89-4437-BF3F-A02B6406C440}"
EndProject
Project("{FAE04EC0-301F-11D3-BF4B-00C04F79EFBC}") = "Persistence", "Persistence\Persistence.csproj", "{A64CBEF0-70F6-43CB-8FC6-23594DBE8806}"
EndProject
Project("{FAE04EC0-301F-11D3-BF4B-00C04F79EFBC}") = "Domain", "Domain\Domain.csproj", "{8FD80ABA-65B9-4805-B59E-B1E37D082702}"
EndProject
Global
	GlobalSection(SolutionConfigurationPlatforms) = preSolution
		Debug|Any CPU = Debug|Any CPU
		Debug|x64 = Debug|x64
		Debug|x86 = Debug|x86
		Release|Any CPU = Release|Any CPU
		Release|x64 = Release|x64
		Release|x86 = Release|x86
	EndGlobalSection
	GlobalSection(SolutionProperties) = preSolution
		HideSolutionNode = FALSE
	EndGlobalSection
	GlobalSection(ProjectConfigurationPlatforms) = postSolution
		{7A95C93A-58B4-4594-97B0-E3C2DDEB82B1}.Debug|Any CPU.ActiveCfg = Debug|Any CPU
		{7A95C93A-58B4-4594-97B0-E3C2DDEB82B1}.Debug|Any CPU.Build.0 = Debug|Any CPU
		{7A95C93A-58B4-4594-97B0-E3C2DDEB82B1}.Debug|x64.ActiveCfg = Debug|Any CPU
		{7A95C93A-58B4-4594-97B0-E3C2DDEB82B1}.Debug|x64.Build.0 = Debug|Any CPU
		{7A95C93A-58B4-4594-97B0-E3C2DDEB82B1}.Debug|x86.ActiveCfg = Debug|Any CPU
		{7A95C93A-58B4-4594-97B0-E3C2DDEB82B1}.Debug|x86.Build.0 = Debug|Any CPU
		{7A95C93A-58B4-4594-97B0-E3C2DDEB82B1}.Release|Any CPU.ActiveCfg = Release|Any CPU
		{7A95C93A-58B4-4594-97B0-E3C2DDEB82B1}.Release|Any CPU.Build.0 = Release|Any CPU
		{7A95C93A-58B4-4594-97B0-E3C2DDEB82B1}.Release|x64.ActiveCfg = Release|Any CPU
		{7A95C93A-58B4-4594-97B0-E3C2DDEB82B1}.Release|x64.Build.0 = Release|Any CPU
		{7A95C93A-58B4-4594-97B0-E3C2DDEB82B1}.Release|x86.ActiveCfg = Release|Any CPU
		{7A95C93A-58B4-4594-97B0-E3C2DDEB82B1}.Release|x86.Build.0 = Release|Any CPU
		{DA6A0D5D-3C89-4437-BF3F-A02B6406C440}.Debug|Any CPU.ActiveCfg = Debug|Any CPU
		{DA6A0D5D-3C89-4437-BF3F-A02B6406C440}.Debug|Any CPU.Build.0 = Debug|Any CPU
		{DA6A0D5D-3C89-4437-BF3F-A02B6406C440}.Debug|x64.ActiveCfg = Debug|Any CPU
		{DA6A0D5D-3C89-4437-BF3F-A02B6406C440}.Debug|x64.Build.0 = Debug|Any CPU
		{DA6A0D5D-3C89-4437-BF3F-A02B6406C440}.Debug|x86.ActiveCfg = Debug|Any CPU
		{DA6A0D5D-3C89-4437-BF3F-A02B6406C440}.Debug|x86.Build.0 = Debug|Any CPU
		{DA6A0D5D-3C89-4437-BF3F-A02B6406C440}.Release|Any CPU.ActiveCfg = Release|Any CPU
		{DA6A0D5D-3C89-4437-BF3F-A02B6406C440}.Release|Any CPU.Build.0 = Release|Any CPU
		{DA6A0D5D-3C89-4437-BF3F-A02B6406C440}.Release|x64.ActiveCfg = Release|Any CPU
		{DA6A0D5D-3C89-4437-BF3F-A02B6406C440}.Release|x64.Build.0 = Release|Any CPU
		{DA6A0D5D-3C89-4437-BF3F-A02B6406C440}.Release|x86.ActiveCfg = Release|Any CPU
		{DA6A0D5D-3C89-4437-BF3F-A02B6406C440}.Release|x86.Build.0 = Release|Any CPU
		{A64CBEF0-70F6-43CB-8FC6-23594DBE8806}.Debug|Any CPU.ActiveCfg = Debug|Any CPU
		{A64CBEF0-70F6-43CB-8FC6-23594DBE8806}.Debug|Any CPU.Build.0 = Debug|Any CPU
		{A64CBEF0-70F6-43CB-8FC6-23594DBE8806}.Debug|x64.ActiveCfg = Debug|Any CPU
		{A64CBEF0-70F6-43CB-8FC6-23594DBE8806}.Debug|x64.Build.0 = Debug|Any CPU
		{A64CBEF0-70F6-43CB-8FC6-23594DBE8806}.Debug|x86.ActiveCfg = Debug|Any CPU
		{A64CBEF0-70F6-43CB-8FC6-23594DBE8806}.Debug|x86.Build.0 = Debug|Any CPU
		{A64CBEF0-70F6-43CB-8FC6-23594DBE8806}.Release|Any CPU.ActiveCfg = Release|Any CPU
		{A64CBEF0-70F6-43CB-8FC6-23594DBE8806}.Release|Any CPU.Build.0 = Release|Any CPU
		{A64CBEF0-70F6-43CB-8FC6-23594DBE8806}.Release|x64.ActiveCfg = Release|Any CPU
		{A64CBEF0-70F6-43CB-8FC6-23594DBE8806}.Release|x64.Build.0 = Release|Any CPU
		{A64CBEF0-70F6-43CB-8FC6-23594DBE8806}.Release|x86.ActiveCfg = Release|Any CPU
		{A64CBEF0-70F6-43CB-8FC6-23594DBE8806}.Release|x86.Build.0 = Release|Any CPU
		{8FD80ABA-65B9-4805-B59E-B1E37D082702}.Debug|Any CPU.ActiveCfg = Debug|Any CPU
		{8FD80ABA-65B9-4805-B59E-B1E37D082702}.Debug|Any CPU.Build.0 = Debug|Any CPU
		{8FD80ABA-65B9-4805-B59E-B1E37D082702}.Debug|x64.ActiveCfg = Debug|Any CPU
		{8FD80ABA-65B9-4805-B59E-B1E37D082702}.Debug|x64.Build.0 = Debug|Any CPU
		{8FD80ABA-65B9-4805-B59E-B1E37D082702}.Debug|x86.ActiveCfg = Debug|Any CPU
		{8FD80ABA-65B9-4805-B59E-B1E37D082702}.Debug|x86.Build.0 = Debug|Any CPU
		{8FD80ABA-65B9-4805-B59E-B1E37D082702}.Release|Any CPU.ActiveCfg = Release|Any CPU
		{8FD80ABA-65B9-4805-B59E-B1E37D082702}.Release|Any CPU.Build.0 = Release|Any CPU
		{8FD80ABA-65B9-4805-B59E-B1E37D082702}.Release|x64.ActiveCfg = Release|Any CPU
		{8FD80ABA-65B9-4805-B59E-B1E37D082702}.Release|x64.Build.0 = Release|Any CPU
		{8FD80ABA-65B9-4805-B59E-B1E37D082702}.Release|x86.ActiveCfg = Release|Any CPU
		{8FD80ABA-65B9-4805-B59E-B1E37D082702}.Release|x86.Build.0 = Release|Any CPU
	EndGlobalSection
EndGlobal
